{
  "name": "react-cli",
  "version": "1.0.0",
  "lockfileVersion": 1,
  "requires": true,
  "dependencies": {
    "@babel/helper-module-imports": {
      "version": "7.0.0-rc.1",
      "resolved": "https://registry.npmjs.org/@babel/helper-module-imports/-/helper-module-imports-7.0.0-rc.1.tgz",
      "integrity": "sha512-eA8RzanjsZw4X2Cqh3WgVG7zwf1wdSUfXvZOH8Azx1rpwE0hzJ276jDZ3gSOJShsxPVvopHa4h+c2WfEUjW4+Q==",
      "dev": true,
      "requires": {
        "@babel/types": "7.0.0-rc.1",
        "lodash": "4.17.10"
      }
    },
    "@babel/types": {
      "version": "7.0.0-rc.1",
      "resolved": "https://registry.npmjs.org/@babel/types/-/types-7.0.0-rc.1.tgz",
      "integrity": "sha512-MBwO1JQKin9BwKTGydrYe4VDJbStCUy35IhJzeZt3FByOdx/q3CYaqMRrH70qVD2RA7+Xk8e3RN0mzKZkYBYuQ==",
      "dev": true,
      "requires": {
        "esutils": "2.0.2",
        "lodash": "4.17.10",
        "to-fast-properties": "2.0.0"
      }
    },
    "babel-plugin-import": {
      "version": "1.8.0",
      "resolved": "https://registry.npmjs.org/babel-plugin-import/-/babel-plugin-import-1.8.0.tgz",
      "integrity": "sha512-5Aw8aZnJPuhJdumK6mS2ZRlfmGaBIKm/h6dw5uS0bkRMTqwHespRG3NeN9x9TB4W38I16ZXGGlHHz+8Gt5/shQ==",
      "dev": true,
      "requires": {
        "@babel/helper-module-imports": "7.0.0-rc.1"
      }
    },
    "esutils": {
      "version": "2.0.2",
      "resolved": "https://registry.npmjs.org/esutils/-/esutils-2.0.2.tgz",
      "integrity": "sha1-Cr9PHKpbyx96nYrMbepPqqBLrJs=",
      "dev": true
    },
    "lodash": {
      "version": "4.17.10",
      "resolved": "https://registry.npmjs.org/lodash/-/lodash-4.17.10.tgz",
      "integrity": "sha512-UejweD1pDoXu+AD825lWwp4ZGtSwgnpZxb3JDViD7StjQz+Nb/6l093lx4OQ0foGWNRoc19mWy7BzL+UAK2iVg==",
      "dev": true
    },
    "to-fast-properties": {
      "version": "2.0.0",
      "resolved": "https://registry.npmjs.org/to-fast-properties/-/to-fast-properties-2.0.0.tgz",
      "integrity": "sha1-3F5pjL0HkmW8c+A3doGk5Og/YW4=",
      "dev": true
    }
  }
}
